
Microsoft Visual Studio Solution File, Format Version 12.00
# Visual Studio Version 16
VisualStudioVersion = 16.0.29230.47
MinimumVisualStudioVersion = 15.0.26730.3
Project("{9A19103F-16F7-4668-BE54-9A1E7A4F7556}") = "SHAutomation.Core", "src\SHAutomation.Core\SHAutomation.Core.csproj", "{71408C8D-1BC3-4A74-B6FB-584EED57CBA8}"
EndProject
Project("{9A19103F-16F7-4668-BE54-9A1E7A4F7556}") = "SHAutomation.UIA3", "src\SHAutomation.UIA3\SHAutomation.UIA3.csproj", "{31F978A2-5BAB-4612-BC54-5648FDF18E11}"
EndProject
Project("{9A19103F-16F7-4668-BE54-9A1E7A4F7556}") = "SHAutomation.Core.Tests", "test\SHAutomation.Core.Tests\SHAutomation.Core.Tests.csproj", "{EBEF6B09-2CA3-4EB9-923D-03AF94462042}"
EndProject
Project("{2150E333-8FDC-42A3-9474-1A3956D46DE8}") = "src", "src", "{A22C5F5A-1BE6-443D-AED9-C1987871E8A8}"
EndProject
Project("{2150E333-8FDC-42A3-9474-1A3956D46DE8}") = "test", "test", "{DF1BE3BF-C9D1-471B-8EAF-23149C440616}"
EndProject
Project("{2150E333-8FDC-42A3-9474-1A3956D46DE8}") = "Solution Items", "Solution Items", "{D61E3A0A-0475-4554-A6D2-3A476ADF76E3}"
	ProjectSection(SolutionItems) = preProject
		.editorconfig = .editorconfig
	EndProjectSection
EndProject
Global
	GlobalSection(SolutionConfigurationPlatforms) = preSolution
		Debug|Any CPU = Debug|Any CPU
		Release|Any CPU = Release|Any CPU
	EndGlobalSection
	GlobalSection(ProjectConfigurationPlatforms) = postSolution
		{71408C8D-1BC3-4A74-B6FB-584EED57CBA8}.Debug|Any CPU.ActiveCfg = Debug|Any CPU
		{71408C8D-1BC3-4A74-B6FB-584EED57CBA8}.Debug|Any CPU.Build.0 = Debug|Any CPU
		{71408C8D-1BC3-4A74-B6FB-584EED57CBA8}.Release|Any CPU.ActiveCfg = Release|Any CPU
		{71408C8D-1BC3-4A74-B6FB-584EED57CBA8}.Release|Any CPU.Build.0 = Release|Any CPU
		{31F978A2-5BAB-4612-BC54-5648FDF18E11}.Debug|Any CPU.ActiveCfg = Debug|Any CPU
		{31F978A2-5BAB-4612-BC54-5648FDF18E11}.Debug|Any CPU.Build.0 = Debug|Any CPU
		{31F978A2-5BAB-4612-BC54-5648FDF18E11}.Release|Any CPU.ActiveCfg = Release|Any CPU
		{31F978A2-5BAB-4612-BC54-5648FDF18E11}.Release|Any CPU.Build.0 = Release|Any CPU
		{EBEF6B09-2CA3-4EB9-923D-03AF94462042}.Debug|Any CPU.ActiveCfg = Debug|Any CPU
		{EBEF6B09-2CA3-4EB9-923D-03AF94462042}.Debug|Any CPU.Build.0 = Debug|Any CPU
		{EBEF6B09-2CA3-4EB9-923D-03AF94462042}.Release|Any CPU.ActiveCfg = Release|Any CPU
		{EBEF6B09-2CA3-4EB9-923D-03AF94462042}.Release|Any CPU.Build.0 = Release|Any CPU
	EndGlobalSection
	GlobalSection(SolutionProperties) = preSolution
		HideSolutionNode = FALSE
	EndGlobalSection
	GlobalSection(NestedProjects) = preSolution
		{71408C8D-1BC3-4A74-B6FB-584EED57CBA8} = {A22C5F5A-1BE6-443D-AED9-C1987871E8A8}
		{31F978A2-5BAB-4612-BC54-5648FDF18E11} = {A22C5F5A-1BE6-443D-AED9-C1987871E8A8}
		{EBEF6B09-2CA3-4EB9-923D-03AF94462042} = {DF1BE3BF-C9D1-471B-8EAF-23149C440616}
	EndGlobalSection
	GlobalSection(ExtensibilityGlobals) = postSolution
		SolutionGuid = {5DC63174-5BC7-429A-A8CA-135A5C5101AE}
	EndGlobalSection
EndGlobal
