
Microsoft Visual Studio Solution File, Format Version 12.00
# Visual Studio Version 16
VisualStudioVersion = 16.0.29230.47
MinimumVisualStudioVersion = 15.0.26730.3
Project("{9A19103F-16F7-4668-BE54-9A1E7A4F7556}") = "SHAutomation.Core", "src\SHAutomation.Core\SHAutomation.Core.csproj", "{71408C8D-1BC3-4A74-B6FB-584EED57CBA8}"
EndProject
Project("{9A19103F-16F7-4668-BE54-9A1E7A4F7556}") = "SHAutomation.UIA3", "src\SHAutomation.UIA3\SHAutomation.UIA3.csproj", "{31F978A2-5BAB-4612-BC54-5648FDF18E11}"
EndProject
Project("{FAE04EC0-301F-11D3-BF4B-00C04F79EFBC}") = "SHAutomation.Tests", "test\SHAutomation.Tests\SHAutomation.Tests.csproj", "{EBEF6B09-2CA3-4EB9-923D-03AF94462042}"
EndProject
Global
	GlobalSection(SolutionConfigurationPlatforms) = preSolution
		Debug|Any CPU = Debug|Any CPU
		Release|Any CPU = Release|Any CPU
	EndGlobalSection
	GlobalSection(ProjectConfigurationPlatforms) = postSolution
		{71408C8D-1BC3-4A74-B6FB-584EED57CBA8}.Debug|Any CPU.ActiveCfg = Debug|Any CPU
		{71408C8D-1BC3-4A74-B6FB-584EED57CBA8}.Debug|Any CPU.Build.0 = Debug|Any CPU
		{71408C8D-1BC3-4A74-B6FB-584EED57CBA8}.Release|Any CPU.ActiveCfg = Release|Any CPU
		{71408C8D-1BC3-4A74-B6FB-584EED57CBA8}.Release|Any CPU.Build.0 = Release|Any CPU
		{31F978A2-5BAB-4612-BC54-5648FDF18E11}.Debug|Any CPU.ActiveCfg = Debug|Any CPU
		{31F978A2-5BAB-4612-BC54-5648FDF18E11}.Debug|Any CPU.Build.0 = Debug|Any CPU
		{31F978A2-5BAB-4612-BC54-5648FDF18E11}.Release|Any CPU.ActiveCfg = Release|Any CPU
		{31F978A2-5BAB-4612-BC54-5648FDF18E11}.Release|Any CPU.Build.0 = Release|Any CPU
		{EBEF6B09-2CA3-4EB9-923D-03AF94462042}.Debug|Any CPU.ActiveCfg = Debug|Any CPU
		{EBEF6B09-2CA3-4EB9-923D-03AF94462042}.Debug|Any CPU.Build.0 = Debug|Any CPU
		{EBEF6B09-2CA3-4EB9-923D-03AF94462042}.Release|Any CPU.ActiveCfg = Release|Any CPU
		{EBEF6B09-2CA3-4EB9-923D-03AF94462042}.Release|Any CPU.Build.0 = Release|Any CPU
	EndGlobalSection
	GlobalSection(SolutionProperties) = preSolution
		HideSolutionNode = FALSE
	EndGlobalSection
	GlobalSection(ExtensibilityGlobals) = postSolution
		SolutionGuid = {5DC63174-5BC7-429A-A8CA-135A5C5101AE}
	EndGlobalSection
EndGlobal
